
Microsoft Visual Studio Solution File, Format Version 12.00
# Visual Studio 2012
Project("{FAE04EC0-301F-11D3-BF4B-00C04F79EFBC}") = "NeuroSoftEEGHolbergScorePlugin", "NeuroSoftEEGHolbergScorePlugin.csproj", "{4D59F1E9-ABF6-45E2-A0F3-D10965C2D4FE}"
EndProject
Global
	GlobalSection(SolutionConfigurationPlatforms) = preSolution
		Debug|Any CPU = Debug|Any CPU
		Release|Any CPU = Release|Any CPU
	EndGlobalSection
	GlobalSection(ProjectConfigurationPlatforms) = postSolution
		{4D59F1E9-ABF6-45E2-A0F3-D10965C2D4FE}.Debug|Any CPU.ActiveCfg = Debug|Any CPU
		{4D59F1E9-ABF6-45E2-A0F3-D10965C2D4FE}.Debug|Any CPU.Build.0 = Debug|Any CPU
		{4D59F1E9-ABF6-45E2-A0F3-D10965C2D4FE}.Release|Any CPU.ActiveCfg = Release|Any CPU
		{4D59F1E9-ABF6-45E2-A0F3-D10965C2D4FE}.Release|Any CPU.Build.0 = Release|Any CPU
	EndGlobalSection
	GlobalSection(SolutionProperties) = preSolution
		HideSolutionNode = FALSE
	EndGlobalSection
EndGlobal
